
Microsoft Visual Studio Solution File, Format Version 12.00
# Visual Studio Version 17
VisualStudioVersion = 17.10.35013.160
MinimumVisualStudioVersion = 10.0.40219.1
Project("{FAE04EC0-301F-11D3-BF4B-00C04F79EFBC}") = "LogisticsPanel", "LogisticsPanel\LogisticsPanel.csproj", "{4896A5F0-6115-488F-BF8B-EB5615259F61}"
EndProject
Global
	GlobalSection(SolutionConfigurationPlatforms) = preSolution
		Debug|Any CPU = Debug|Any CPU
		Release|Any CPU = Release|Any CPU
	EndGlobalSection
	GlobalSection(ProjectConfigurationPlatforms) = postSolution
		{4896A5F0-6115-488F-BF8B-EB5615259F61}.Debug|Any CPU.ActiveCfg = Debug|Any CPU
		{4896A5F0-6115-488F-BF8B-EB5615259F61}.Debug|Any CPU.Build.0 = Debug|Any CPU
		{4896A5F0-6115-488F-BF8B-EB5615259F61}.Release|Any CPU.ActiveCfg = Release|Any CPU
		{4896A5F0-6115-488F-BF8B-EB5615259F61}.Release|Any CPU.Build.0 = Release|Any CPU
	EndGlobalSection
	GlobalSection(SolutionProperties) = preSolution
		HideSolutionNode = FALSE
	EndGlobalSection
	GlobalSection(ExtensibilityGlobals) = postSolution
		SolutionGuid = {6080D407-B668-45EB-99B7-886CCC747EE3}
	EndGlobalSection
EndGlobal
